
Microsoft Visual Studio Solution File, Format Version 12.00
# Visual Studio Version 17
VisualStudioVersion = 17.13.35931.197 d17.13
MinimumVisualStudioVersion = 10.0.40219.1
Project("{8BC9CEB8-8B4A-11D0-8D11-00A0C91BC942}") = "do25.02.04_v.25.01.25", "do25.02.04_v.25.01.25\do25.02.04_v.25.01.25.vcxproj", "{6F53585C-2576-4B6A-8D4F-A32C6DA8E413}"
EndProject
Global
	GlobalSection(SolutionConfigurationPlatforms) = preSolution
		Debug|x64 = Debug|x64
		Debug|x86 = Debug|x86
		Release|x64 = Release|x64
		Release|x86 = Release|x86
	EndGlobalSection
	GlobalSection(ProjectConfigurationPlatforms) = postSolution
		{6F53585C-2576-4B6A-8D4F-A32C6DA8E413}.Debug|x64.ActiveCfg = Debug|x64
		{6F53585C-2576-4B6A-8D4F-A32C6DA8E413}.Debug|x64.Build.0 = Debug|x64
		{6F53585C-2576-4B6A-8D4F-A32C6DA8E413}.Debug|x86.ActiveCfg = Debug|Win32
		{6F53585C-2576-4B6A-8D4F-A32C6DA8E413}.Debug|x86.Build.0 = Debug|Win32
		{6F53585C-2576-4B6A-8D4F-A32C6DA8E413}.Release|x64.ActiveCfg = Release|x64
		{6F53585C-2576-4B6A-8D4F-A32C6DA8E413}.Release|x64.Build.0 = Release|x64
		{6F53585C-2576-4B6A-8D4F-A32C6DA8E413}.Release|x86.ActiveCfg = Release|Win32
		{6F53585C-2576-4B6A-8D4F-A32C6DA8E413}.Release|x86.Build.0 = Release|Win32
	EndGlobalSection
	GlobalSection(SolutionProperties) = preSolution
		HideSolutionNode = FALSE
	EndGlobalSection
	GlobalSection(ExtensibilityGlobals) = postSolution
		SolutionGuid = {173EA3A7-CD98-4A68-9791-A8809B84FD12}
	EndGlobalSection
EndGlobal
